
Microsoft Visual Studio Solution File, Format Version 12.00
# Visual Studio Version 17
VisualStudioVersion = 17.6.33815.320
MinimumVisualStudioVersion = 10.0.40219.1
Project("{9A19103F-16F7-4668-BE54-9A1E7A4F7556}") = "SellPhones.API", "SellPhones.API.csproj", "{3027EAE5-36DF-4B58-A041-4A79748F8DF6}"
EndProject
Project("{9A19103F-16F7-4668-BE54-9A1E7A4F7556}") = "SellPhones.Domain", "..\SellPhones.Domain\SellPhones.Domain.csproj", "{0ABAE423-1545-4EDD-9867-FAD366F4F93C}"
EndProject
Project("{9A19103F-16F7-4668-BE54-9A1E7A4F7556}") = "SellPhones.Commons", "..\SellPhones.Commons\SellPhones.Commons.csproj", "{B6C89603-6095-4A6E-87B4-D2AEBE7DA054}"
EndProject
Project("{9A19103F-16F7-4668-BE54-9A1E7A4F7556}") = "SellPhones.Data", "..\SellPhones.Data\SellPhones.Data.csproj", "{78FBC66B-1E9B-4916-9A1F-166EAF5858E2}"
EndProject
Project("{9A19103F-16F7-4668-BE54-9A1E7A4F7556}") = "SellPhones.Build", "..\SellPhones.Build\SellPhones.Build.csproj", "{23AC230F-19B3-4724-8E7B-10F310C54419}"
EndProject
Project("{FAE04EC0-301F-11D3-BF4B-00C04F79EFBC}") = "SellPhones.Service", "..\SellPhones.Service\SellPhones.Service.csproj", "{1ED07348-BA9D-4C65-A3F7-498FB620DE2A}"
EndProject
Project("{FAE04EC0-301F-11D3-BF4B-00C04F79EFBC}") = "SellPhones.DTO", "..\SellPhones.DTO\SellPhones.DTO.csproj", "{2D9D6D61-C94A-4286-B1E7-8AB84B1F157E}"
EndProject
Project("{FAE04EC0-301F-11D3-BF4B-00C04F79EFBC}") = "SellPhones.Security", "..\SellPhones.Security\SellPhones.Security.csproj", "{830E3797-B165-4A5B-9C8B-02BBE7912718}"
EndProject
Global
	GlobalSection(SolutionConfigurationPlatforms) = preSolution
		Debug|Any CPU = Debug|Any CPU
		Release|Any CPU = Release|Any CPU
	EndGlobalSection
	GlobalSection(ProjectConfigurationPlatforms) = postSolution
		{3027EAE5-36DF-4B58-A041-4A79748F8DF6}.Debug|Any CPU.ActiveCfg = Debug|Any CPU
		{3027EAE5-36DF-4B58-A041-4A79748F8DF6}.Debug|Any CPU.Build.0 = Debug|Any CPU
		{3027EAE5-36DF-4B58-A041-4A79748F8DF6}.Release|Any CPU.ActiveCfg = Release|Any CPU
		{3027EAE5-36DF-4B58-A041-4A79748F8DF6}.Release|Any CPU.Build.0 = Release|Any CPU
		{0ABAE423-1545-4EDD-9867-FAD366F4F93C}.Debug|Any CPU.ActiveCfg = Debug|Any CPU
		{0ABAE423-1545-4EDD-9867-FAD366F4F93C}.Debug|Any CPU.Build.0 = Debug|Any CPU
		{0ABAE423-1545-4EDD-9867-FAD366F4F93C}.Release|Any CPU.ActiveCfg = Release|Any CPU
		{0ABAE423-1545-4EDD-9867-FAD366F4F93C}.Release|Any CPU.Build.0 = Release|Any CPU
		{B6C89603-6095-4A6E-87B4-D2AEBE7DA054}.Debug|Any CPU.ActiveCfg = Debug|Any CPU
		{B6C89603-6095-4A6E-87B4-D2AEBE7DA054}.Debug|Any CPU.Build.0 = Debug|Any CPU
		{B6C89603-6095-4A6E-87B4-D2AEBE7DA054}.Release|Any CPU.ActiveCfg = Release|Any CPU
		{B6C89603-6095-4A6E-87B4-D2AEBE7DA054}.Release|Any CPU.Build.0 = Release|Any CPU
		{78FBC66B-1E9B-4916-9A1F-166EAF5858E2}.Debug|Any CPU.ActiveCfg = Debug|Any CPU
		{78FBC66B-1E9B-4916-9A1F-166EAF5858E2}.Debug|Any CPU.Build.0 = Debug|Any CPU
		{78FBC66B-1E9B-4916-9A1F-166EAF5858E2}.Release|Any CPU.ActiveCfg = Release|Any CPU
		{78FBC66B-1E9B-4916-9A1F-166EAF5858E2}.Release|Any CPU.Build.0 = Release|Any CPU
		{23AC230F-19B3-4724-8E7B-10F310C54419}.Debug|Any CPU.ActiveCfg = Debug|Any CPU
		{23AC230F-19B3-4724-8E7B-10F310C54419}.Debug|Any CPU.Build.0 = Debug|Any CPU
		{23AC230F-19B3-4724-8E7B-10F310C54419}.Release|Any CPU.ActiveCfg = Release|Any CPU
		{23AC230F-19B3-4724-8E7B-10F310C54419}.Release|Any CPU.Build.0 = Release|Any CPU
		{1ED07348-BA9D-4C65-A3F7-498FB620DE2A}.Debug|Any CPU.ActiveCfg = Debug|Any CPU
		{1ED07348-BA9D-4C65-A3F7-498FB620DE2A}.Debug|Any CPU.Build.0 = Debug|Any CPU
		{1ED07348-BA9D-4C65-A3F7-498FB620DE2A}.Release|Any CPU.ActiveCfg = Release|Any CPU
		{1ED07348-BA9D-4C65-A3F7-498FB620DE2A}.Release|Any CPU.Build.0 = Release|Any CPU
		{2D9D6D61-C94A-4286-B1E7-8AB84B1F157E}.Debug|Any CPU.ActiveCfg = Debug|Any CPU
		{2D9D6D61-C94A-4286-B1E7-8AB84B1F157E}.Debug|Any CPU.Build.0 = Debug|Any CPU
		{2D9D6D61-C94A-4286-B1E7-8AB84B1F157E}.Release|Any CPU.ActiveCfg = Release|Any CPU
		{2D9D6D61-C94A-4286-B1E7-8AB84B1F157E}.Release|Any CPU.Build.0 = Release|Any CPU
		{830E3797-B165-4A5B-9C8B-02BBE7912718}.Debug|Any CPU.ActiveCfg = Debug|Any CPU
		{830E3797-B165-4A5B-9C8B-02BBE7912718}.Debug|Any CPU.Build.0 = Debug|Any CPU
		{830E3797-B165-4A5B-9C8B-02BBE7912718}.Release|Any CPU.ActiveCfg = Release|Any CPU
		{830E3797-B165-4A5B-9C8B-02BBE7912718}.Release|Any CPU.Build.0 = Release|Any CPU
	EndGlobalSection
	GlobalSection(SolutionProperties) = preSolution
		HideSolutionNode = FALSE
	EndGlobalSection
	GlobalSection(ExtensibilityGlobals) = postSolution
		SolutionGuid = {35AAAAFD-CB53-4059-A147-B2577A7BA63F}
	EndGlobalSection
EndGlobal
